
Microsoft Visual Studio Solution File, Format Version 12.00
# Visual Studio Version 17
VisualStudioVersion = 17.14.36603.0
MinimumVisualStudioVersion = 10.0.40219.1
Project("{2150E333-8FDC-42A3-9474-1A3956D46DE8}") = "Task0", "Task0", "{02EA681E-C7D8-13C7-8484-4AC65E1B71E8}"
EndProject
Project("{FAE04EC0-301F-11D3-BF4B-00C04F79EFBC}") = "Tyuiu.DewjaterikowaAA.Sprint4.Task0.V18", "Tyuiu.DewjaterikowaAA.Sprint4.Task0.V18\Tyuiu.DewjaterikowaAA.Sprint4.Task0.V18.csproj", "{891E9943-CF84-4389-8C26-F69C377C1509}"
EndProject
Project("{FAE04EC0-301F-11D3-BF4B-00C04F79EFBC}") = "Tyuiu.DewjaterikowaAA.Sprint4.Task0.V18.Test", "Tyuiu.DewjaterikowaAA.Sprint4.Task0.V18.Test\Tyuiu.DewjaterikowaAA.Sprint4.Task0.V18.Test.csproj", "{A0A9D4BB-1FAC-456A-8A69-AE5BA1B841CB}"
EndProject
Project("{FAE04EC0-301F-11D3-BF4B-00C04F79EFBC}") = "Tyuiu.DewjaterikowaAA.Sprint4.Task0.V18.Lib", "Tyuiu.DewjaterikowaAA.Sprint4.Task0.V18.Lib\Tyuiu.DewjaterikowaAA.Sprint4.Task0.V18.Lib.csproj", "{92F1F5F7-50D0-4250-977B-1B341D4A6307}"
EndProject
Project("{2150E333-8FDC-42A3-9474-1A3956D46DE8}") = "Task1", "Task1", "{88002305-AE7C-4869-895F-EA331D4B5375}"
EndProject
Project("{FAE04EC0-301F-11D3-BF4B-00C04F79EFBC}") = "Tyuiu.DewjaterikowaAA.Sprint4.Task1.V12", "Tyuiu.DewjaterikowaAA.Sprint4.Task1.V12\Tyuiu.DewjaterikowaAA.Sprint4.Task1.V12.csproj", "{9086A206-E7CE-4627-9ABA-144379447BC7}"
EndProject
Project("{FAE04EC0-301F-11D3-BF4B-00C04F79EFBC}") = "Tyuiu.DewjaterikowaAA.Sprint4.Task1.V12.Test", "Tyuiu.DewjaterikowaAA.Sprint4.Task1.V12.Test\Tyuiu.DewjaterikowaAA.Sprint4.Task1.V12.Test.csproj", "{23A04403-B059-489C-B7C9-EC0795E205DF}"
EndProject
Project("{FAE04EC0-301F-11D3-BF4B-00C04F79EFBC}") = "Tyuiu.DewjaterikowaAA.Sprint4.Task1.V12.Lib", "Tyuiu.DewjaterikowaAA.Sprint4.Task1.V12.Lib\Tyuiu.DewjaterikowaAA.Sprint4.Task1.V12.Lib.csproj", "{5B90E7BA-0384-4A18-AABE-B1743BE6E0DE}"
EndProject
Project("{2150E333-8FDC-42A3-9474-1A3956D46DE8}") = "Task2", "Task2", "{A26A62C7-5CE9-49A2-A598-A98108508BE9}"
EndProject
Project("{FAE04EC0-301F-11D3-BF4B-00C04F79EFBC}") = "Tyuiu.DewjaterikowaAA.Sprint4.Task2.V25", "Tyuiu.DewjaterikowaAA.Sprint4.Task2.V25\Tyuiu.DewjaterikowaAA.Sprint4.Task2.V25.csproj", "{3779D742-5DBB-40DA-9045-E212E7120622}"
EndProject
Project("{FAE04EC0-301F-11D3-BF4B-00C04F79EFBC}") = "Tyuiu.DewjaterikowaAA.Sprint4.Task2.V25.Test", "Tyuiu.DewjaterikowaAA.Sprint4.Task2.V25.Test\Tyuiu.DewjaterikowaAA.Sprint4.Task2.V25.Test.csproj", "{BCAE2BE6-F478-40B3-A1F5-24AF1CBEB9BF}"
EndProject
Project("{FAE04EC0-301F-11D3-BF4B-00C04F79EFBC}") = "Tyuiu.DewjaterikowaAA.Sprint4.Task2.V25.Lib", "Tyuiu.DewjaterikowaAA.Sprint4.Task2.V25.Lib\Tyuiu.DewjaterikowaAA.Sprint4.Task2.V25.Lib.csproj", "{2E4FE865-F61D-402A-8CA1-F0C4F95ACD69}"
EndProject
Project("{2150E333-8FDC-42A3-9474-1A3956D46DE8}") = "Task3", "Task3", "{17E98720-29A5-4F2E-A9D8-2A2DE009086C}"
EndProject
Project("{FAE04EC0-301F-11D3-BF4B-00C04F79EFBC}") = "Tyuiu.DewjaterikowaAA.Sprint4.Task3.V2", "Tyuiu.DewjaterikowaAA.Sprint4.Task3.V2\Tyuiu.DewjaterikowaAA.Sprint4.Task3.V2.csproj", "{38D9584A-20B1-4A07-98D4-3F65825F458C}"
EndProject
Project("{FAE04EC0-301F-11D3-BF4B-00C04F79EFBC}") = "Tyuiu.DewjaterikowaAA.Sprint4.Task3.V2.Test", "Tyuiu.DewjaterikowaAA.Sprint4.Task3.V2.Test\Tyuiu.DewjaterikowaAA.Sprint4.Task3.V2.Test.csproj", "{B111F701-97F6-4B5A-8DBC-C4B2B85769F1}"
EndProject
Project("{FAE04EC0-301F-11D3-BF4B-00C04F79EFBC}") = "Tyuiu.DewjaterikowaAA.Sprint4.Task3.V2.Lib", "Tyuiu.DewjaterikowaAA.Sprint4.Task3.V2.Lib\Tyuiu.DewjaterikowaAA.Sprint4.Task3.V2.Lib.csproj", "{595FB223-632E-410C-834D-B9AD40759099}"
EndProject
Project("{2150E333-8FDC-42A3-9474-1A3956D46DE8}") = "Task4", "Task4", "{C1D06240-EE7D-4760-9BC8-EA293E00ABA4}"
EndProject
Project("{FAE04EC0-301F-11D3-BF4B-00C04F79EFBC}") = "Tyuiu.DewjaterikowaAA.Sprint4.Task4.V30", "Tyuiu.DewjaterikowaAA.Sprint4.Task4.V30\Tyuiu.DewjaterikowaAA.Sprint4.Task4.V30.csproj", "{2AFB0BE5-02E6-4B50-8785-22329D4D296A}"
EndProject
Project("{FAE04EC0-301F-11D3-BF4B-00C04F79EFBC}") = "Tyuiu.DewjaterikowaAA.Sprint4.Task4.V30.Test", "Tyuiu.DewjaterikowaAA.Sprint4.Task4.V30.Test\Tyuiu.DewjaterikowaAA.Sprint4.Task4.V30.Test.csproj", "{7477BE36-847B-49AA-BC96-D6F6F5F878BD}"
EndProject
Project("{FAE04EC0-301F-11D3-BF4B-00C04F79EFBC}") = "Tyuiu.DewjaterikowaAA.Sprint4.Task4.V30.Lib", "Tyuiu.DewjaterikowaAA.Sprint4.Task4.V30.Lib\Tyuiu.DewjaterikowaAA.Sprint4.Task4.V30.Lib.csproj", "{9B84B07D-FB90-4859-8369-CAB1B2C62E6A}"
EndProject
Project("{2150E333-8FDC-42A3-9474-1A3956D46DE8}") = "Task5", "Task5", "{2D829F73-F866-4AEF-8717-90E4632B37A4}"
EndProject
Project("{FAE04EC0-301F-11D3-BF4B-00C04F79EFBC}") = "Tyuiu.DewjaterikowaAA.Sprint4.Task5.V14", "Tyuiu.DewjaterikowaAA.Sprint4.Task5.V14\Tyuiu.DewjaterikowaAA.Sprint4.Task5.V14.csproj", "{E8F6BA5A-E41C-4F06-8C82-4C8410B665D4}"
EndProject
Project("{FAE04EC0-301F-11D3-BF4B-00C04F79EFBC}") = "Tyuiu.DewjaterikowaAA.Sprint4.Task5.V14.Test", "Tyuiu.DewjaterikowaAA.Sprint4.Task5.V14.Test\Tyuiu.DewjaterikowaAA.Sprint4.Task5.V14.Test.csproj", "{54388260-BE23-4CC0-958C-A2ACAFE9089C}"
EndProject
Project("{FAE04EC0-301F-11D3-BF4B-00C04F79EFBC}") = "Tyuiu.DewjaterikowaAA.Sprint4.Task5.V14.Lib", "Tyuiu.DewjaterikowaAA.Sprint4.Task5.V14.Lib\Tyuiu.DewjaterikowaAA.Sprint4.Task5.V14.Lib.csproj", "{E22824C7-7F43-4601-AADA-2758736C7C81}"
EndProject
Project("{2150E333-8FDC-42A3-9474-1A3956D46DE8}") = "Task6", "Task6", "{702DA7AD-6DBD-4997-9BF7-06764CE7094E}"
EndProject
Project("{FAE04EC0-301F-11D3-BF4B-00C04F79EFBC}") = "Tyuiu.DewjaterikowaAA.Sprint4.Task6.V21", "Tyuiu.DewjaterikowaAA.Sprint4.Task6.V21\Tyuiu.DewjaterikowaAA.Sprint4.Task6.V21.csproj", "{F83A809A-0BD4-4FCA-901B-5156EC3DDAFE}"
EndProject
Project("{FAE04EC0-301F-11D3-BF4B-00C04F79EFBC}") = "Tyuiu.DewjaterikowaAA.Sprint4.Task6.V21.Test", "Tyuiu.DewjaterikowaAA.Sprint4.Task6.V21.Test\Tyuiu.DewjaterikowaAA.Sprint4.Task6.V21.Test.csproj", "{98240A31-9F44-4E2C-A9FD-674935049218}"
EndProject
Project("{FAE04EC0-301F-11D3-BF4B-00C04F79EFBC}") = "Tyuiu.DewjaterikowaAA.Sprint4.Task6.V21.Lib", "Tyuiu.DewjaterikowaAA.Sprint4.Task6.V21.Lib\Tyuiu.DewjaterikowaAA.Sprint4.Task6.V21.Lib.csproj", "{C9AF858A-E22A-4921-B84A-BD342DA29ED3}"
EndProject
Project("{2150E333-8FDC-42A3-9474-1A3956D46DE8}") = "Task7", "Task7", "{2F21C9EF-B857-4B2E-B228-A91E1BB5D15C}"
EndProject
Project("{FAE04EC0-301F-11D3-BF4B-00C04F79EFBC}") = "Tyuiu.DewjaterikowaAA.Sprint4.Task7.V8", "Tyuiu.DewjaterikowaAA.Sprint4.Task7.V8\Tyuiu.DewjaterikowaAA.Sprint4.Task7.V8.csproj", "{D0A28793-5476-493E-A53D-4FD0CC2FECC2}"
EndProject
Project("{FAE04EC0-301F-11D3-BF4B-00C04F79EFBC}") = "Tyuiu.DewjaterikowaAA.Sprint4.Task7.V8.Test", "Tyuiu.DewjaterikowaAA.Sprint4.Task7.V8.Test\Tyuiu.DewjaterikowaAA.Sprint4.Task7.V8.Test.csproj", "{4E7C7DE7-91FA-4A5B-AFBB-732FCA46BB5A}"
EndProject
Project("{FAE04EC0-301F-11D3-BF4B-00C04F79EFBC}") = "Tyuiu.DewjaterikowaAA.Sprint4.Task7.V8.Lib", "Tyuiu.DewjaterikowaAA.Sprint4.Task7.V8.Lib\Tyuiu.DewjaterikowaAA.Sprint4.Task7.V8.Lib.csproj", "{DCA281D6-33EC-4FD9-82F5-FCB4787B7DDC}"
EndProject
Global
	GlobalSection(SolutionConfigurationPlatforms) = preSolution
		Debug|Any CPU = Debug|Any CPU
		Release|Any CPU = Release|Any CPU
	EndGlobalSection
	GlobalSection(ProjectConfigurationPlatforms) = postSolution
		{891E9943-CF84-4389-8C26-F69C377C1509}.Debug|Any CPU.ActiveCfg = Debug|Any CPU
		{891E9943-CF84-4389-8C26-F69C377C1509}.Debug|Any CPU.Build.0 = Debug|Any CPU
		{891E9943-CF84-4389-8C26-F69C377C1509}.Release|Any CPU.ActiveCfg = Release|Any CPU
		{891E9943-CF84-4389-8C26-F69C377C1509}.Release|Any CPU.Build.0 = Release|Any CPU
		{A0A9D4BB-1FAC-456A-8A69-AE5BA1B841CB}.Debug|Any CPU.ActiveCfg = Debug|Any CPU
		{A0A9D4BB-1FAC-456A-8A69-AE5BA1B841CB}.Debug|Any CPU.Build.0 = Debug|Any CPU
		{A0A9D4BB-1FAC-456A-8A69-AE5BA1B841CB}.Release|Any CPU.ActiveCfg = Release|Any CPU
		{A0A9D4BB-1FAC-456A-8A69-AE5BA1B841CB}.Release|Any CPU.Build.0 = Release|Any CPU
		{92F1F5F7-50D0-4250-977B-1B341D4A6307}.Debug|Any CPU.ActiveCfg = Debug|Any CPU
		{92F1F5F7-50D0-4250-977B-1B341D4A6307}.Debug|Any CPU.Build.0 = Debug|Any CPU
		{92F1F5F7-50D0-4250-977B-1B341D4A6307}.Release|Any CPU.ActiveCfg = Release|Any CPU
		{92F1F5F7-50D0-4250-977B-1B341D4A6307}.Release|Any CPU.Build.0 = Release|Any CPU
		{9086A206-E7CE-4627-9ABA-144379447BC7}.Debug|Any CPU.ActiveCfg = Debug|Any CPU
		{9086A206-E7CE-4627-9ABA-144379447BC7}.Debug|Any CPU.Build.0 = Debug|Any CPU
		{9086A206-E7CE-4627-9ABA-144379447BC7}.Release|Any CPU.ActiveCfg = Release|Any CPU
		{9086A206-E7CE-4627-9ABA-144379447BC7}.Release|Any CPU.Build.0 = Release|Any CPU
		{23A04403-B059-489C-B7C9-EC0795E205DF}.Debug|Any CPU.ActiveCfg = Debug|Any CPU
		{23A04403-B059-489C-B7C9-EC0795E205DF}.Debug|Any CPU.Build.0 = Debug|Any CPU
		{23A04403-B059-489C-B7C9-EC0795E205DF}.Release|Any CPU.ActiveCfg = Release|Any CPU
		{23A04403-B059-489C-B7C9-EC0795E205DF}.Release|Any CPU.Build.0 = Release|Any CPU
		{5B90E7BA-0384-4A18-AABE-B1743BE6E0DE}.Debug|Any CPU.ActiveCfg = Debug|Any CPU
		{5B90E7BA-0384-4A18-AABE-B1743BE6E0DE}.Debug|Any CPU.Build.0 = Debug|Any CPU
		{5B90E7BA-0384-4A18-AABE-B1743BE6E0DE}.Release|Any CPU.ActiveCfg = Release|Any CPU
		{5B90E7BA-0384-4A18-AABE-B1743BE6E0DE}.Release|Any CPU.Build.0 = Release|Any CPU
		{3779D742-5DBB-40DA-9045-E212E7120622}.Debug|Any CPU.ActiveCfg = Debug|Any CPU
		{3779D742-5DBB-40DA-9045-E212E7120622}.Debug|Any CPU.Build.0 = Debug|Any CPU
		{3779D742-5DBB-40DA-9045-E212E7120622}.Release|Any CPU.ActiveCfg = Release|Any CPU
		{3779D742-5DBB-40DA-9045-E212E7120622}.Release|Any CPU.Build.0 = Release|Any CPU
		{BCAE2BE6-F478-40B3-A1F5-24AF1CBEB9BF}.Debug|Any CPU.ActiveCfg = Debug|Any CPU
		{BCAE2BE6-F478-40B3-A1F5-24AF1CBEB9BF}.Debug|Any CPU.Build.0 = Debug|Any CPU
		{BCAE2BE6-F478-40B3-A1F5-24AF1CBEB9BF}.Release|Any CPU.ActiveCfg = Release|Any CPU
		{BCAE2BE6-F478-40B3-A1F5-24AF1CBEB9BF}.Release|Any CPU.Build.0 = Release|Any CPU
		{2E4FE865-F61D-402A-8CA1-F0C4F95ACD69}.Debug|Any CPU.ActiveCfg = Debug|Any CPU
		{2E4FE865-F61D-402A-8CA1-F0C4F95ACD69}.Debug|Any CPU.Build.0 = Debug|Any CPU
		{2E4FE865-F61D-402A-8CA1-F0C4F95ACD69}.Release|Any CPU.ActiveCfg = Release|Any CPU
		{2E4FE865-F61D-402A-8CA1-F0C4F95ACD69}.Release|Any CPU.Build.0 = Release|Any CPU
		{38D9584A-20B1-4A07-98D4-3F65825F458C}.Debug|Any CPU.ActiveCfg = Debug|Any CPU
		{38D9584A-20B1-4A07-98D4-3F65825F458C}.Debug|Any CPU.Build.0 = Debug|Any CPU
		{38D9584A-20B1-4A07-98D4-3F65825F458C}.Release|Any CPU.ActiveCfg = Release|Any CPU
		{38D9584A-20B1-4A07-98D4-3F65825F458C}.Release|Any CPU.Build.0 = Release|Any CPU
		{B111F701-97F6-4B5A-8DBC-C4B2B85769F1}.Debug|Any CPU.ActiveCfg = Debug|Any CPU
		{B111F701-97F6-4B5A-8DBC-C4B2B85769F1}.Debug|Any CPU.Build.0 = Debug|Any CPU
		{B111F701-97F6-4B5A-8DBC-C4B2B85769F1}.Release|Any CPU.ActiveCfg = Release|Any CPU
		{B111F701-97F6-4B5A-8DBC-C4B2B85769F1}.Release|Any CPU.Build.0 = Release|Any CPU
		{595FB223-632E-410C-834D-B9AD40759099}.Debug|Any CPU.ActiveCfg = Debug|Any CPU
		{595FB223-632E-410C-834D-B9AD40759099}.Debug|Any CPU.Build.0 = Debug|Any CPU
		{595FB223-632E-410C-834D-B9AD40759099}.Release|Any CPU.ActiveCfg = Release|Any CPU
		{595FB223-632E-410C-834D-B9AD40759099}.Release|Any CPU.Build.0 = Release|Any CPU
		{2AFB0BE5-02E6-4B50-8785-22329D4D296A}.Debug|Any CPU.ActiveCfg = Debug|Any CPU
		{2AFB0BE5-02E6-4B50-8785-22329D4D296A}.Debug|Any CPU.Build.0 = Debug|Any CPU
		{2AFB0BE5-02E6-4B50-8785-22329D4D296A}.Release|Any CPU.ActiveCfg = Release|Any CPU
		{2AFB0BE5-02E6-4B50-8785-22329D4D296A}.Release|Any CPU.Build.0 = Release|Any CPU
		{7477BE36-847B-49AA-BC96-D6F6F5F878BD}.Debug|Any CPU.ActiveCfg = Debug|Any CPU
		{7477BE36-847B-49AA-BC96-D6F6F5F878BD}.Debug|Any CPU.Build.0 = Debug|Any CPU
		{7477BE36-847B-49AA-BC96-D6F6F5F878BD}.Release|Any CPU.ActiveCfg = Release|Any CPU
		{7477BE36-847B-49AA-BC96-D6F6F5F878BD}.Release|Any CPU.Build.0 = Release|Any CPU
		{9B84B07D-FB90-4859-8369-CAB1B2C62E6A}.Debug|Any CPU.ActiveCfg = Debug|Any CPU
		{9B84B07D-FB90-4859-8369-CAB1B2C62E6A}.Debug|Any CPU.Build.0 = Debug|Any CPU
		{9B84B07D-FB90-4859-8369-CAB1B2C62E6A}.Release|Any CPU.ActiveCfg = Release|Any CPU
		{9B84B07D-FB90-4859-8369-CAB1B2C62E6A}.Release|Any CPU.Build.0 = Release|Any CPU
		{E8F6BA5A-E41C-4F06-8C82-4C8410B665D4}.Debug|Any CPU.ActiveCfg = Debug|Any CPU
		{E8F6BA5A-E41C-4F06-8C82-4C8410B665D4}.Debug|Any CPU.Build.0 = Debug|Any CPU
		{E8F6BA5A-E41C-4F06-8C82-4C8410B665D4}.Release|Any CPU.ActiveCfg = Release|Any CPU
		{E8F6BA5A-E41C-4F06-8C82-4C8410B665D4}.Release|Any CPU.Build.0 = Release|Any CPU
		{54388260-BE23-4CC0-958C-A2ACAFE9089C}.Debug|Any CPU.ActiveCfg = Debug|Any CPU
		{54388260-BE23-4CC0-958C-A2ACAFE9089C}.Debug|Any CPU.Build.0 = Debug|Any CPU
		{54388260-BE23-4CC0-958C-A2ACAFE9089C}.Release|Any CPU.ActiveCfg = Release|Any CPU
		{54388260-BE23-4CC0-958C-A2ACAFE9089C}.Release|Any CPU.Build.0 = Release|Any CPU
		{E22824C7-7F43-4601-AADA-2758736C7C81}.Debug|Any CPU.ActiveCfg = Debug|Any CPU
		{E22824C7-7F43-4601-AADA-2758736C7C81}.Debug|Any CPU.Build.0 = Debug|Any CPU
		{E22824C7-7F43-4601-AADA-2758736C7C81}.Release|Any CPU.ActiveCfg = Release|Any CPU
		{E22824C7-7F43-4601-AADA-2758736C7C81}.Release|Any CPU.Build.0 = Release|Any CPU
		{F83A809A-0BD4-4FCA-901B-5156EC3DDAFE}.Debug|Any CPU.ActiveCfg = Debug|Any CPU
		{F83A809A-0BD4-4FCA-901B-5156EC3DDAFE}.Debug|Any CPU.Build.0 = Debug|Any CPU
		{F83A809A-0BD4-4FCA-901B-5156EC3DDAFE}.Release|Any CPU.ActiveCfg = Release|Any CPU
		{F83A809A-0BD4-4FCA-901B-5156EC3DDAFE}.Release|Any CPU.Build.0 = Release|Any CPU
		{98240A31-9F44-4E2C-A9FD-674935049218}.Debug|Any CPU.ActiveCfg = Debug|Any CPU
		{98240A31-9F44-4E2C-A9FD-674935049218}.Debug|Any CPU.Build.0 = Debug|Any CPU
		{98240A31-9F44-4E2C-A9FD-674935049218}.Release|Any CPU.ActiveCfg = Release|Any CPU
		{98240A31-9F44-4E2C-A9FD-674935049218}.Release|Any CPU.Build.0 = Release|Any CPU
		{C9AF858A-E22A-4921-B84A-BD342DA29ED3}.Debug|Any CPU.ActiveCfg = Debug|Any CPU
		{C9AF858A-E22A-4921-B84A-BD342DA29ED3}.Debug|Any CPU.Build.0 = Debug|Any CPU
		{C9AF858A-E22A-4921-B84A-BD342DA29ED3}.Release|Any CPU.ActiveCfg = Release|Any CPU
		{C9AF858A-E22A-4921-B84A-BD342DA29ED3}.Release|Any CPU.Build.0 = Release|Any CPU
		{D0A28793-5476-493E-A53D-4FD0CC2FECC2}.Debug|Any CPU.ActiveCfg = Debug|Any CPU
		{D0A28793-5476-493E-A53D-4FD0CC2FECC2}.Debug|Any CPU.Build.0 = Debug|Any CPU
		{D0A28793-5476-493E-A53D-4FD0CC2FECC2}.Release|Any CPU.ActiveCfg = Release|Any CPU
		{D0A28793-5476-493E-A53D-4FD0CC2FECC2}.Release|Any CPU.Build.0 = Release|Any CPU
		{4E7C7DE7-91FA-4A5B-AFBB-732FCA46BB5A}.Debug|Any CPU.ActiveCfg = Debug|Any CPU
		{4E7C7DE7-91FA-4A5B-AFBB-732FCA46BB5A}.Debug|Any CPU.Build.0 = Debug|Any CPU
		{4E7C7DE7-91FA-4A5B-AFBB-732FCA46BB5A}.Release|Any CPU.ActiveCfg = Release|Any CPU
		{4E7C7DE7-91FA-4A5B-AFBB-732FCA46BB5A}.Release|Any CPU.Build.0 = Release|Any CPU
		{DCA281D6-33EC-4FD9-82F5-FCB4787B7DDC}.Debug|Any CPU.ActiveCfg = Debug|Any CPU
		{DCA281D6-33EC-4FD9-82F5-FCB4787B7DDC}.Debug|Any CPU.Build.0 = Debug|Any CPU
		{DCA281D6-33EC-4FD9-82F5-FCB4787B7DDC}.Release|Any CPU.ActiveCfg = Release|Any CPU
		{DCA281D6-33EC-4FD9-82F5-FCB4787B7DDC}.Release|Any CPU.Build.0 = Release|Any CPU
	EndGlobalSection
	GlobalSection(SolutionProperties) = preSolution
		HideSolutionNode = FALSE
	EndGlobalSection
	GlobalSection(NestedProjects) = preSolution
		{891E9943-CF84-4389-8C26-F69C377C1509} = {02EA681E-C7D8-13C7-8484-4AC65E1B71E8}
		{A0A9D4BB-1FAC-456A-8A69-AE5BA1B841CB} = {02EA681E-C7D8-13C7-8484-4AC65E1B71E8}
		{92F1F5F7-50D0-4250-977B-1B341D4A6307} = {02EA681E-C7D8-13C7-8484-4AC65E1B71E8}
		{9086A206-E7CE-4627-9ABA-144379447BC7} = {88002305-AE7C-4869-895F-EA331D4B5375}
		{23A04403-B059-489C-B7C9-EC0795E205DF} = {88002305-AE7C-4869-895F-EA331D4B5375}
		{5B90E7BA-0384-4A18-AABE-B1743BE6E0DE} = {88002305-AE7C-4869-895F-EA331D4B5375}
		{3779D742-5DBB-40DA-9045-E212E7120622} = {A26A62C7-5CE9-49A2-A598-A98108508BE9}
		{BCAE2BE6-F478-40B3-A1F5-24AF1CBEB9BF} = {A26A62C7-5CE9-49A2-A598-A98108508BE9}
		{2E4FE865-F61D-402A-8CA1-F0C4F95ACD69} = {A26A62C7-5CE9-49A2-A598-A98108508BE9}
		{38D9584A-20B1-4A07-98D4-3F65825F458C} = {17E98720-29A5-4F2E-A9D8-2A2DE009086C}
		{B111F701-97F6-4B5A-8DBC-C4B2B85769F1} = {17E98720-29A5-4F2E-A9D8-2A2DE009086C}
		{595FB223-632E-410C-834D-B9AD40759099} = {17E98720-29A5-4F2E-A9D8-2A2DE009086C}
		{2AFB0BE5-02E6-4B50-8785-22329D4D296A} = {C1D06240-EE7D-4760-9BC8-EA293E00ABA4}
		{7477BE36-847B-49AA-BC96-D6F6F5F878BD} = {C1D06240-EE7D-4760-9BC8-EA293E00ABA4}
		{9B84B07D-FB90-4859-8369-CAB1B2C62E6A} = {C1D06240-EE7D-4760-9BC8-EA293E00ABA4}
		{E8F6BA5A-E41C-4F06-8C82-4C8410B665D4} = {2D829F73-F866-4AEF-8717-90E4632B37A4}
		{54388260-BE23-4CC0-958C-A2ACAFE9089C} = {2D829F73-F866-4AEF-8717-90E4632B37A4}
		{E22824C7-7F43-4601-AADA-2758736C7C81} = {2D829F73-F866-4AEF-8717-90E4632B37A4}
		{F83A809A-0BD4-4FCA-901B-5156EC3DDAFE} = {702DA7AD-6DBD-4997-9BF7-06764CE7094E}
		{98240A31-9F44-4E2C-A9FD-674935049218} = {702DA7AD-6DBD-4997-9BF7-06764CE7094E}
		{C9AF858A-E22A-4921-B84A-BD342DA29ED3} = {702DA7AD-6DBD-4997-9BF7-06764CE7094E}
		{D0A28793-5476-493E-A53D-4FD0CC2FECC2} = {2F21C9EF-B857-4B2E-B228-A91E1BB5D15C}
		{4E7C7DE7-91FA-4A5B-AFBB-732FCA46BB5A} = {2F21C9EF-B857-4B2E-B228-A91E1BB5D15C}
		{DCA281D6-33EC-4FD9-82F5-FCB4787B7DDC} = {2F21C9EF-B857-4B2E-B228-A91E1BB5D15C}
	EndGlobalSection
	GlobalSection(ExtensibilityGlobals) = postSolution
		SolutionGuid = {DEE9B6C7-60CE-4C37-B250-83394639980C}
	EndGlobalSection
EndGlobal
